c2sp.org/CCTV/age v0.0.0-20240306222714-3ec4d716e805 h1:u2qwJeEvnypw+OCPUHmoZE3IqwfuN5kgDfo5MLzpNM0=
c2sp.org/CCTV/age v0.0.0-20240306222714-3ec4d716e805/go.mod h1:FomMrUJ2Lxt5jCLmZkG3FHa72zUprnhd3v/Z18Snm4w=
code.linenisgreat.com/dodder v0.0.0-20251227143023-45addc7cfae0 h1:HdMGJcjfBgnoSd8X7sz8jNm8lhMPjxSLphcaCNTYTKU=
code.linenisgreat.com/dodder v0.0.0-20251227143023-45addc7cfae0/go.mod h1:tmbH8J0uu8tJcxBVKRzFLScP7vuC1haviMAP9pGbkBc=
code.linenisgreat.com/dodder v0.0.0-20251231134115-1b04c40be033 h1:PIirte16tUAklvLupT0KJAHHjhi4rktBfQ4W6W6dtk0=
code.linenisgreat.com/dodder v0.0.0-20251231134115-1b04c40be033/go.mod h1:tmbH8J0uu8tJcxBVKRzFLScP7vuC1haviMAP9pGbkBc=
code.linenisgreat.com/dodder/go v0.0.0-20251227143023-45addc7cfae0 h1:6yvwr9Tqm9GYrIzPQpZYp/aFjnIx8E902vvdKM5VS3w=
code.linenisgreat.com/dodder/go v0.0.0-20251227143023-45addc7cfae0/go.mod h1:Fiu/P5zDPDekMZJ7Q92NGktr8pEsbaLITKyQwcpwaR8=
filippo.io/age v1.2.1 h1:X0TZjehAZylOIj4DubWYU1vWQxv9bJpo+Uu2/LGhi1o=
filippo.io/age v1.2.1/go.mod h1:JL9ew2lTN+Pyft4RiNGguFfOpewKwSHm5ayKD/A4004=
github.com/brandondube/tai v0.1.0 h1:psVhcG48XNq1LtQtvz6C5+6JU+n1UFjE9XeYLLDJ/cs=
github.com/brandondube/tai v0.1.0/go.mod h1:Zx9tLMhTfJhSns4czs9WIs8wPR5oT2OuJNDhGR/GHgw=
github.com/google/go-cmp v0.7.0 h1:wk8382ETsv4JYUZwIsn6YpYiWiBsYLSJiTsyBybVuN8=
github.com/google/go-cmp v0.7.0/go.mod h1:pXiqmnSA92OHEEa9HXL2W4E7lf9JzCmGVUdgjX3N/iU=
golang.org/x/crypto v0.46.0 h1:cKRW/pmt1pKAfetfu+RCEvjvZkA9RimPbh7bhFjGVBU=
golang.org/x/crypto v0.46.0/go.mod h1:Evb/oLKmMraqjZ2iQTwDwvCtJkczlDuTmdJXoZVzqU0=
golang.org/x/exp v0.0.0-20251219203646-944ab1f22d93 h1:fQsdNF2N+/YewlRZiricy4P1iimyPKZ/xwniHj8Q2a0=
golang.org/x/exp v0.0.0-20251219203646-944ab1f22d93/go.mod h1:EPRbTFwzwjXj9NpYyyrvenVh9Y+GFeEvMNh7Xuz7xgU=
golang.org/x/sys v0.39.0 h1:CvCKL8MeisomCi6qNZ+wbb0DN9E5AATixKsvNtMoMFk=
golang.org/x/sys v0.39.0/go.mod h1:OgkHotnGiDImocRcuBABYBEXf8A9a87e/uXjp9XT3ks=
golang.org/x/term v0.38.0 h1:PQ5pkm/rLO6HnxFR7N2lJHOZX6Kez5Y1gDSJla6jo7Q=
golang.org/x/term v0.38.0/go.mod h1:bSEAKrOT1W+VSu9TSCMtoGEOUcKxOKgl3LE5QEF/xVg=
golang.org/x/xerrors v0.0.0-20240903120638-7835f813f4da h1:noIWHXmPHxILtqtCOPIhSt0ABwskkZKjD3bXGnZGpNY=
golang.org/x/xerrors v0.0.0-20240903120638-7835f813f4da/go.mod h1:NDW/Ps6MPRej6fsCIbMTohpP40sJ/P/vI1MoTEGwX90=
